
Microsoft Visual Studio Solution File, Format Version 12.00
# Visual Studio Version 17
VisualStudioVersion = 17.8.34408.163
MinimumVisualStudioVersion = 10.0.40219.1
Project("{9A19103F-16F7-4668-BE54-9A1E7A4F7556}") = "OpenAIConsoleTest", "OpenAIConsoleTest\OpenAIConsoleTest.csproj", "{44F51638-6010-4133-BB80-FF003257876F}"
EndProject
Project("{9A19103F-16F7-4668-BE54-9A1E7A4F7556}") = "OpenAILabs.AIServices", "OpenAILabs.AIServices\OpenAILabs.AIServices.csproj", "{E22364D5-BC26-4DB2-AA8A-6DD0AE7919F5}"
EndProject
Project("{9A19103F-16F7-4668-BE54-9A1E7A4F7556}") = "OpenAILabs.Common", "OpenAILabs.Common\OpenAILabs.Common.csproj", "{DB370D45-4F07-4934-A9DD-1378F5BD57FD}"
EndProject
Project("{9A19103F-16F7-4668-BE54-9A1E7A4F7556}") = "OpenAILabs.BlazorApp", "OpenAILabs.BlazorApp\OpenAILabs.BlazorApp.csproj", "{CFA2E0EB-9313-416D-B684-D1407E578051}"
EndProject
Global
	GlobalSection(SolutionConfigurationPlatforms) = preSolution
		Debug|Any CPU = Debug|Any CPU
		Release|Any CPU = Release|Any CPU
	EndGlobalSection
	GlobalSection(ProjectConfigurationPlatforms) = postSolution
		{44F51638-6010-4133-BB80-FF003257876F}.Debug|Any CPU.ActiveCfg = Debug|Any CPU
		{44F51638-6010-4133-BB80-FF003257876F}.Debug|Any CPU.Build.0 = Debug|Any CPU
		{44F51638-6010-4133-BB80-FF003257876F}.Release|Any CPU.ActiveCfg = Release|Any CPU
		{44F51638-6010-4133-BB80-FF003257876F}.Release|Any CPU.Build.0 = Release|Any CPU
		{E22364D5-BC26-4DB2-AA8A-6DD0AE7919F5}.Debug|Any CPU.ActiveCfg = Debug|Any CPU
		{E22364D5-BC26-4DB2-AA8A-6DD0AE7919F5}.Debug|Any CPU.Build.0 = Debug|Any CPU
		{E22364D5-BC26-4DB2-AA8A-6DD0AE7919F5}.Release|Any CPU.ActiveCfg = Release|Any CPU
		{E22364D5-BC26-4DB2-AA8A-6DD0AE7919F5}.Release|Any CPU.Build.0 = Release|Any CPU
		{DB370D45-4F07-4934-A9DD-1378F5BD57FD}.Debug|Any CPU.ActiveCfg = Debug|Any CPU
		{DB370D45-4F07-4934-A9DD-1378F5BD57FD}.Debug|Any CPU.Build.0 = Debug|Any CPU
		{DB370D45-4F07-4934-A9DD-1378F5BD57FD}.Release|Any CPU.ActiveCfg = Release|Any CPU
		{DB370D45-4F07-4934-A9DD-1378F5BD57FD}.Release|Any CPU.Build.0 = Release|Any CPU
		{CFA2E0EB-9313-416D-B684-D1407E578051}.Debug|Any CPU.ActiveCfg = Debug|Any CPU
		{CFA2E0EB-9313-416D-B684-D1407E578051}.Debug|Any CPU.Build.0 = Debug|Any CPU
		{CFA2E0EB-9313-416D-B684-D1407E578051}.Release|Any CPU.ActiveCfg = Release|Any CPU
		{CFA2E0EB-9313-416D-B684-D1407E578051}.Release|Any CPU.Build.0 = Release|Any CPU
	EndGlobalSection
	GlobalSection(SolutionProperties) = preSolution
		HideSolutionNode = FALSE
	EndGlobalSection
	GlobalSection(ExtensibilityGlobals) = postSolution
		SolutionGuid = {84FF9EC2-D15E-4B0C-B444-2B7BBFFBEBD4}
	EndGlobalSection
EndGlobal
